
Microsoft Visual Studio Solution File, Format Version 12.00
# Visual Studio Version 16
VisualStudioVersion = 16.0.30804.86
MinimumVisualStudioVersion = 10.0.40219.1
Project("{FAE04EC0-301F-11D3-BF4B-00C04F79EFBC}") = "Tire-Label-Decoder", "Tire-Label-Decoder.csproj", "{59E54F4D-F820-4654-A1FF-9184BF8B1612}"
EndProject
Project("{FAE04EC0-301F-11D3-BF4B-00C04F79EFBC}") = "Tire-Label-Decoder-Test", "..\Tire-Label-Decoder-Test\Tire-Label-Decoder-Test.csproj", "{251B55C7-77CF-49FB-B467-74CC305570D8}"
EndProject
Global
	GlobalSection(SolutionConfigurationPlatforms) = preSolution
		Debug|Any CPU = Debug|Any CPU
		Release|Any CPU = Release|Any CPU
	EndGlobalSection
	GlobalSection(ProjectConfigurationPlatforms) = postSolution
		{59E54F4D-F820-4654-A1FF-9184BF8B1612}.Debug|Any CPU.ActiveCfg = Debug|Any CPU
		{59E54F4D-F820-4654-A1FF-9184BF8B1612}.Debug|Any CPU.Build.0 = Debug|Any CPU
		{59E54F4D-F820-4654-A1FF-9184BF8B1612}.Release|Any CPU.ActiveCfg = Release|Any CPU
		{59E54F4D-F820-4654-A1FF-9184BF8B1612}.Release|Any CPU.Build.0 = Release|Any CPU
		{251B55C7-77CF-49FB-B467-74CC305570D8}.Debug|Any CPU.ActiveCfg = Debug|Any CPU
		{251B55C7-77CF-49FB-B467-74CC305570D8}.Debug|Any CPU.Build.0 = Debug|Any CPU
		{251B55C7-77CF-49FB-B467-74CC305570D8}.Release|Any CPU.ActiveCfg = Release|Any CPU
		{251B55C7-77CF-49FB-B467-74CC305570D8}.Release|Any CPU.Build.0 = Release|Any CPU
	EndGlobalSection
	GlobalSection(SolutionProperties) = preSolution
		HideSolutionNode = FALSE
	EndGlobalSection
	GlobalSection(ExtensibilityGlobals) = postSolution
		SolutionGuid = {2B362738-9200-497D-8161-78825EB1EDE5}
	EndGlobalSection
EndGlobal
